<?xml version="1.0" encoding="utf-8"?>
<Project ToolsVersion="4.0" xmlns="http://schemas.microsoft.com/developer/msbuild/2003">
  <ItemGroup>
    <Filter Include="Исходные файлы">
      <UniqueIdentifier>{4FC737F1-C7A5-4376-A066-2A32D752A2FF}</UniqueIdentifier>
      <Extensions>cpp;c;cc;cxx;c++;cppm;ixx;def;odl;idl;hpj;bat;asm;asmx</Extensions>
    </Filter>
    <Filter Include="Файлы заголовков">
      <UniqueIdentifier>{93995380-89BD-4b04-88EB-625FBE52EBFB}</UniqueIdentifier>
      <Extensions>h;hh;hpp;hxx;h++;hm;inl;inc;ipp;xsd</Extensions>
    </Filter>
    <Filter Include="Файлы ресурсов">
      <UniqueIdentifier>{67DA6AB6-F800-4c08-8B7A-83BB121AAD01}</UniqueIdentifier>
      <Extensions>rc;ico;cur;bmp;dlg;rc2;rct;bin;rgs;gif;jpg;jpeg;jpe;resx;tiff;tif;png;wav;mfcribbon-ms</Extensions>
    </Filter>
    <Filter Include="PersonListDlg">
      <UniqueIdentifier>{429ac518-9edb-44d5-b5de-43a4c20a0838}</UniqueIdentifier>
    </Filter>
    <Filter Include="External">
      <UniqueIdentifier>{1444bab7-08a8-4369-9390-5ac81212bd4f}</UniqueIdentifier>
    </Filter>
    <Filter Include="External\MvvmCore">
      <UniqueIdentifier>{f6018570-2113-462d-952f-73ff658d58c6}</UniqueIdentifier>
    </Filter>
    <Filter Include="PersonListDlg\presentation">
      <UniqueIdentifier>{00976dd4-1040-4672-bad8-ea539167d081}</UniqueIdentifier>
    </Filter>
    <Filter Include="PersonListDlg\domain">
      <UniqueIdentifier>{f43b73d2-1d89-4971-bf12-1e028cd86625}</UniqueIdentifier>
    </Filter>
    <Filter Include="PersonListDlg\data">
      <UniqueIdentifier>{5b0e1b71-c06b-45e8-b24c-2c009b650c6a}</UniqueIdentifier>
    </Filter>
  </ItemGroup>
  <ItemGroup>
    <ClInclude Include="MFCappMVP.h">
      <Filter>Файлы заголовков</Filter>
    </ClInclude>
    <ClInclude Include="framework.h">
      <Filter>Файлы заголовков</Filter>
    </ClInclude>
    <ClInclude Include="targetver.h">
      <Filter>Файлы заголовков</Filter>
    </ClInclude>
    <ClInclude Include="Resource.h">
      <Filter>Файлы заголовков</Filter>
    </ClInclude>
    <ClInclude Include="stdafx.h">
      <Filter>Файлы заголовков</Filter>
    </ClInclude>
    <ClInclude Include="External\MvvmCore\Observable.h">
      <Filter>External\MvvmCore</Filter>
    </ClInclude>
    <ClInclude Include="External\MvvmCore\Observer.h">
      <Filter>External\MvvmCore</Filter>
    </ClInclude>
    <ClInclude Include="PersonListViewModel.h">
      <Filter>PersonListDlg\presentation</Filter>
    </ClInclude>
    <ClInclude Include="PersonListDlg.h">
      <Filter>PersonListDlg\presentation</Filter>
    </ClInclude>
    <ClInclude Include="PersonsDataSource.h">
      <Filter>PersonListDlg\data</Filter>
    </ClInclude>
    <ClInclude Include="Person.h">
      <Filter>PersonListDlg\data</Filter>
    </ClInclude>
    <ClInclude Include="IPersonListRepository.h">
      <Filter>PersonListDlg\domain</Filter>
    </ClInclude>
    <ClInclude Include="PersonListRepositoryImpl.h">
      <Filter>PersonListDlg\data</Filter>
    </ClInclude>
    <ClInclude Include="PersonListUiState.h">
      <Filter>PersonListDlg\presentation</Filter>
    </ClInclude>
  </ItemGroup>
  <ItemGroup>
    <ClCompile Include="MFCappMVP.cpp">
      <Filter>Исходные файлы</Filter>
    </ClCompile>
    <ClCompile Include="PersonListViewModel.cpp">
      <Filter>PersonListDlg\presentation</Filter>
    </ClCompile>
    <ClCompile Include="stdafx.cpp">
      <Filter>Исходные файлы</Filter>
    </ClCompile>
    <ClCompile Include="PersonListDlg.cpp">
      <Filter>PersonListDlg\presentation</Filter>
    </ClCompile>
    <ClCompile Include="PersonsDataSource.cpp">
      <Filter>PersonListDlg\data</Filter>
    </ClCompile>
    <ClCompile Include="Person.cpp">
      <Filter>PersonListDlg\data</Filter>
    </ClCompile>
    <ClCompile Include="PersonListRepositoryImpl.cpp">
      <Filter>PersonListDlg\data</Filter>
    </ClCompile>
  </ItemGroup>
  <ItemGroup>
    <ResourceCompile Include="MFCappMVP.rc">
      <Filter>Файлы ресурсов</Filter>
    </ResourceCompile>
  </ItemGroup>
  <ItemGroup>
    <None Include="res\MFCappMVP.rc2">
      <Filter>Файлы ресурсов</Filter>
    </None>
  </ItemGroup>
  <ItemGroup>
    <Image Include="res\MFCappMVP.ico">
      <Filter>Файлы ресурсов</Filter>
    </Image>
  </ItemGroup>
</Project>