<?xml version="1.0" encoding="utf-8"?>
<Project ToolsVersion="4.0" xmlns="http://schemas.microsoft.com/developer/msbuild/2003">
  <ItemGroup>
    <Filter Include="Исходные файлы">
      <UniqueIdentifier>{4FC737F1-C7A5-4376-A066-2A32D752A2FF}</UniqueIdentifier>
      <Extensions>cpp;c;cc;cxx;c++;cppm;ixx;def;odl;idl;hpj;bat;asm;asmx</Extensions>
    </Filter>
    <Filter Include="Файлы заголовков">
      <UniqueIdentifier>{93995380-89BD-4b04-88EB-625FBE52EBFB}</UniqueIdentifier>
      <Extensions>h;hh;hpp;hxx;h++;hm;inl;inc;ipp;xsd</Extensions>
    </Filter>
    <Filter Include="Файлы ресурсов">
      <UniqueIdentifier>{67DA6AB6-F800-4c08-8B7A-83BB121AAD01}</UniqueIdentifier>
      <Extensions>rc;ico;cur;bmp;dlg;rc2;rct;bin;rgs;gif;jpg;jpeg;jpe;resx;tiff;tif;png;wav;mfcribbon-ms</Extensions>
    </Filter>
    <Filter Include="Исходные файлы\PersonListDlg">
      <UniqueIdentifier>{429ac518-9edb-44d5-b5de-43a4c20a0838}</UniqueIdentifier>
    </Filter>
    <Filter Include="Исходные файлы\PersonListDlg\model">
      <UniqueIdentifier>{5b0e1b71-c06b-45e8-b24c-2c009b650c6a}</UniqueIdentifier>
    </Filter>
    <Filter Include="Файлы заголовков\PersonListDlg">
      <UniqueIdentifier>{e92d197a-572d-46c2-8202-adca437d09d7}</UniqueIdentifier>
    </Filter>
    <Filter Include="Файлы заголовков\PersonListDlg\model">
      <UniqueIdentifier>{1539e08f-d480-416a-bba1-ab544c5fa818}</UniqueIdentifier>
    </Filter>
    <Filter Include="Исходные файлы\PersonListDlg\presenter">
      <UniqueIdentifier>{00976dd4-1040-4672-bad8-ea539167d081}</UniqueIdentifier>
    </Filter>
    <Filter Include="Файлы заголовков\PersonListDlg\presenter">
      <UniqueIdentifier>{9860f740-210f-4a74-8749-9cbcb41a5ce4}</UniqueIdentifier>
    </Filter>
    <Filter Include="Файлы заголовков\PersonListDlg\view">
      <UniqueIdentifier>{d3548fa8-a02f-495e-8735-dded1842233d}</UniqueIdentifier>
    </Filter>
    <Filter Include="Исходные файлы\PersonListDlg\view">
      <UniqueIdentifier>{a8b80f78-cb39-4ae3-88c0-74e185b5cec1}</UniqueIdentifier>
    </Filter>
    <Filter Include="Файлы заголовков\MVVM">
      <UniqueIdentifier>{1444bab7-08a8-4369-9390-5ac81212bd4f}</UniqueIdentifier>
    </Filter>
  </ItemGroup>
  <ItemGroup>
    <ClInclude Include="MFCappMVP.h">
      <Filter>Файлы заголовков</Filter>
    </ClInclude>
    <ClInclude Include="framework.h">
      <Filter>Файлы заголовков</Filter>
    </ClInclude>
    <ClInclude Include="targetver.h">
      <Filter>Файлы заголовков</Filter>
    </ClInclude>
    <ClInclude Include="Resource.h">
      <Filter>Файлы заголовков</Filter>
    </ClInclude>
    <ClInclude Include="Person.h">
      <Filter>Файлы заголовков\PersonListDlg\model</Filter>
    </ClInclude>
    <ClInclude Include="IPersonListRepository.h">
      <Filter>Файлы заголовков\PersonListDlg\model</Filter>
    </ClInclude>
    <ClInclude Include="PersonListRepositoryImpl.h">
      <Filter>Файлы заголовков\PersonListDlg\model</Filter>
    </ClInclude>
    <ClInclude Include="IPersonListViewModel.h">
      <Filter>Файлы заголовков\PersonListDlg\presenter</Filter>
    </ClInclude>
    <ClInclude Include="PersonListViewModelImpl.h">
      <Filter>Файлы заголовков\PersonListDlg\presenter</Filter>
    </ClInclude>
    <ClInclude Include="IPersonListView.h">
      <Filter>Файлы заголовков\PersonListDlg\view</Filter>
    </ClInclude>
    <ClInclude Include="PersonListDlg.h">
      <Filter>Файлы заголовков\PersonListDlg\view</Filter>
    </ClInclude>
    <ClInclude Include="stdafx.h">
      <Filter>Файлы заголовков</Filter>
    </ClInclude>
    <ClInclude Include="Observable.h">
      <Filter>Файлы заголовков\MVVM</Filter>
    </ClInclude>
    <ClInclude Include="Observer.h">
      <Filter>Файлы заголовков\MVVM</Filter>
    </ClInclude>
  </ItemGroup>
  <ItemGroup>
    <ClCompile Include="MFCappMVP.cpp">
      <Filter>Исходные файлы</Filter>
    </ClCompile>
    <ClCompile Include="Person.cpp">
      <Filter>Исходные файлы\PersonListDlg\model</Filter>
    </ClCompile>
    <ClCompile Include="PersonListRepositoryImpl.cpp">
      <Filter>Исходные файлы\PersonListDlg\model</Filter>
    </ClCompile>
    <ClCompile Include="PersonListViewModelImpl.cpp">
      <Filter>Исходные файлы\PersonListDlg\presenter</Filter>
    </ClCompile>
    <ClCompile Include="PersonListDlg.cpp">
      <Filter>Исходные файлы\PersonListDlg\view</Filter>
    </ClCompile>
    <ClCompile Include="stdafx.cpp">
      <Filter>Исходные файлы</Filter>
    </ClCompile>
  </ItemGroup>
  <ItemGroup>
    <ResourceCompile Include="MFCappMVP.rc">
      <Filter>Файлы ресурсов</Filter>
    </ResourceCompile>
  </ItemGroup>
  <ItemGroup>
    <None Include="res\MFCappMVP.rc2">
      <Filter>Файлы ресурсов</Filter>
    </None>
  </ItemGroup>
  <ItemGroup>
    <Image Include="res\MFCappMVP.ico">
      <Filter>Файлы ресурсов</Filter>
    </Image>
  </ItemGroup>
</Project>